// !$*UTF8*$!
{
	archiveVersion = 1;
	classes = {
	};
	objectVersion = 46;
	objects = {

/* Begin PBXBuildFile section */
		7F86CA6E1F01A28F00A6BFE8 /* opencv2.framework in Frameworks */ = {isa = PBXBuildFile; fileRef = 7F86CA6D1F01A28F00A6BFE8 /* opencv2.framework */; };
		7F86CA7A1F01A72600A6BFE8 /* OpenCVSample.mm in Sources */ = {isa = PBXBuildFile; fileRef = 7F86CA791F01A72600A6BFE8 /* OpenCVSample.mm */; };
		7FCDE9641F017A83006AAEDE /* AppDelegate.swift in Sources */ = {isa = PBXBuildFile; fileRef = 7FCDE9631F017A83006AAEDE /* AppDelegate.swift */; };
		7FCDE9661F017A83006AAEDE /* ViewController.swift in Sources */ = {isa = PBXBuildFile; fileRef = 7FCDE9651F017A83006AAEDE /* ViewController.swift */; };
		7FCDE9691F017A83006AAEDE /* Main.storyboard in Resources */ = {isa = PBXBuildFile; fileRef = 7FCDE9671F017A83006AAEDE /* Main.storyboard */; };
		7FCDE96B1F017A84006AAEDE /* Assets.xcassets in Resources */ = {isa = PBXBuildFile; fileRef = 7FCDE96A1F017A84006AAEDE /* Assets.xcassets */; };
		7FCDE96E1F017A84006AAEDE /* LaunchScreen.storyboard in Resources */ = {isa = PBXBuildFile; fileRef = 7FCDE96C1F017A84006AAEDE /* LaunchScreen.storyboard */; };
/* End PBXBuildFile section */

/* Begin PBXFileReference section */
		7F86CA6D1F01A28F00A6BFE8 /* opencv2.framework */ = {isa = PBXFileReference; lastKnownFileType = wrapper.framework; path = opencv2.framework; sourceTree = "<group>"; };
		7F86CA791F01A72600A6BFE8 /* OpenCVSample.mm */ = {isa = PBXFileReference; fileEncoding = 4; lastKnownFileType = sourcecode.cpp.objcpp; path = OpenCVSample.mm; sourceTree = "<group>"; };
		7F86CA7B1F02167B00A6BFE8 /* OpenCVSample-Bridging-Header.h */ = {isa = PBXFileReference; fileEncoding = 4; lastKnownFileType = sourcecode.c.h; path = "OpenCVSample-Bridging-Header.h"; sourceTree = "<group>"; };
		7FCDE9601F017A83006AAEDE /* OpenCVSample.app */ = {isa = PBXFileReference; explicitFileType = wrapper.application; includeInIndex = 0; path = OpenCVSample.app; sourceTree = BUILT_PRODUCTS_DIR; };
		7FCDE9631F017A83006AAEDE /* AppDelegate.swift */ = {isa = PBXFileReference; lastKnownFileType = sourcecode.swift; path = AppDelegate.swift; sourceTree = "<group>"; };
		7FCDE9651F017A83006AAEDE /* ViewController.swift */ = {isa = PBXFileReference; lastKnownFileType = sourcecode.swift; path = ViewController.swift; sourceTree = "<group>"; };
		7FCDE9681F017A83006AAEDE /* Base */ = {isa = PBXFileReference; lastKnownFileType = file.storyboard; name = Base; path = Base.lproj/Main.storyboard; sourceTree = "<group>"; };
		7FCDE96A1F017A84006AAEDE /* Assets.xcassets */ = {isa = PBXFileReference; lastKnownFileType = folder.assetcatalog; path = Assets.xcassets; sourceTree = "<group>"; };
		7FCDE96D1F017A84006AAEDE /* Base */ = {isa = PBXFileReference; lastKnownFileType = file.storyboard; name = Base; path = Base.lproj/LaunchScreen.storyboard; sourceTree = "<group>"; };
		7FCDE96F1F017A84006AAEDE /* Info.plist */ = {isa = PBXFileReference; lastKnownFileType = text.plist.xml; path = Info.plist; sourceTree = "<group>"; };
/* End PBXFileReference section */

/* Begin PBXFrameworksBuildPhase section */
		7FCDE95D1F017A83006AAEDE /* Frameworks */ = {
			isa = PBXFrameworksBuildPhase;
			buildActionMask = 2147483647;
			files = (
				7F86CA6E1F01A28F00A6BFE8 /* opencv2.framework in Frameworks */,
			);
			runOnlyForDeploymentPostprocessing = 0;
		};
/* End PBXFrameworksBuildPhase section */

/* Begin PBXGroup section */
		7FCDE9571F017A83006AAEDE = {
			isa = PBXGroup;
			children = (
				7FCDE9621F017A83006AAEDE /* OpenCVSample */,
				7FCDE9611F017A83006AAEDE /* Products */,
			);
			sourceTree = "<group>";
		};
		7FCDE9611F017A83006AAEDE /* Products */ = {
			isa = PBXGroup;
			children = (
				7FCDE9601F017A83006AAEDE /* OpenCVSample.app */,
			);
			name = Products;
			sourceTree = "<group>";
		};
		7FCDE9621F017A83006AAEDE /* OpenCVSample */ = {
			isa = PBXGroup;
			children = (
				7F86CA7B1F02167B00A6BFE8 /* OpenCVSample-Bridging-Header.h */,
				7F86CA791F01A72600A6BFE8 /* OpenCVSample.mm */,
				7FCDE9631F017A83006AAEDE /* AppDelegate.swift */,
				7FCDE9651F017A83006AAEDE /* ViewController.swift */,
				7FCDE9671F017A83006AAEDE /* Main.storyboard */,
				7FCDE96A1F017A84006AAEDE /* Assets.xcassets */,
				7FCDE96C1F017A84006AAEDE /* LaunchScreen.storyboard */,
				7FCDE96F1F017A84006AAEDE /* Info.plist */,
				7F86CA6D1F01A28F00A6BFE8 /* opencv2.framework */,
			);
			path = OpenCVSample;
			sourceTree = "<group>";
		};
/* End PBXGroup section */

/* Begin PBXNativeTarget section */
		7FCDE95F1F017A83006AAEDE /* OpenCVSample */ = {
			isa = PBXNativeTarget;
			buildConfigurationList = 7FCDE9721F017A84006AAEDE /* Build configuration list for PBXNativeTarget "OpenCVSample" */;
			buildPhases = (
				7FCDE95C1F017A83006AAEDE /* Sources */,
				7FCDE95D1F017A83006AAEDE /* Frameworks */,
				7FCDE95E1F017A83006AAEDE /* Resources */,
			);
			buildRules = (
			);
			dependencies = (
			);
			name = OpenCVSample;
			productName = OpenCVSample;
			productReference = 7FCDE9601F017A83006AAEDE /* OpenCVSample.app */;
			productType = "com.apple.product-type.application";
		};
/* End PBXNativeTarget section */

/* Begin PBXProject section */
		7FCDE9581F017A83006AAEDE /* Project object */ = {
			isa = PBXProject;
			attributes = {
				LastSwiftUpdateCheck = 0830;
				LastUpgradeCheck = 0830;
				ORGANIZATIONNAME = "Pin-Chou Liu";
				TargetAttributes = {
					7FCDE95F1F017A83006AAEDE = {
						CreatedOnToolsVersion = 8.3.3;
						DevelopmentTeam = 279M6DNERL;
						LastSwiftMigration = 0830;
						ProvisioningStyle = Automatic;
					};
				};
			};
			buildConfigurationList = 7FCDE95B1F017A83006AAEDE /* Build configuration list for PBXProject "OpenCVSample" */;
			compatibilityVersion = "Xcode 3.2";
			developmentRegion = English;
			hasScannedForEncodings = 0;
			knownRegions = (
				en,
				Base,
			);
			mainGroup = 7FCDE9571F017A83006AAEDE;
			productRefGroup = 7FCDE9611F017A83006AAEDE /* Products */;
			projectDirPath = "";
			projectRoot = "";
			targets = (
				7FCDE95F1F017A83006AAEDE /* OpenCVSample */,
			);
		};
/* End PBXProject section */

/* Begin PBXResourcesBuildPhase section */
		7FCDE95E1F017A83006AAEDE /* Resources */ = {
			isa = PBXResourcesBuildPhase;
			buildActionMask = 2147483647;
			files = (
				7FCDE96E1F017A84006AAEDE /* LaunchScreen.storyboard in Resources */,
				7FCDE96B1F017A84006AAEDE /* Assets.xcassets in Resources */,
				7FCDE9691F017A83006AAEDE /* Main.storyboard in Resources */,
			);
			runOnlyForDeploymentPostprocessing = 0;
		};
/* End PBXResourcesBuildPhase section */

/* Begin PBXSourcesBuildPhase section */
		7FCDE95C1F017A83006AAEDE /* Sources */ = {
			isa = PBXSourcesBuildPhase;
			buildActionMask = 2147483647;
			files = (
				7FCDE9661F017A83006AAEDE /* ViewController.swift in Sources */,
				7F86CA7A1F01A72600A6BFE8 /* OpenCVSample.mm in Sources */,
				7FCDE9641F017A83006AAEDE /* AppDelegate.swift in Sources */,
			);
			runOnlyForDeploymentPostprocessing = 0;
		};
/* End PBXSourcesBuildPhase section */

/* Begin PBXVariantGroup section */
		7FCDE9671F017A83006AAEDE /* Main.storyboard */ = {
			isa = PBXVariantGroup;
			children = (
				7FCDE9681F017A83006AAEDE /* Base */,
			);
			name = Main.storyboard;
			sourceTree = "<group>";
		};
		7FCDE96C1F017A84006AAEDE /* LaunchScreen.storyboard */ = {
			isa = PBXVariantGroup;
			children = (
				7FCDE96D1F017A84006AAEDE /* Base */,
			);
			name = LaunchScreen.storyboard;
			sourceTree = "<group>";
		};
/* End PBXVariantGroup section */

/* Begin XCBuildConfiguration section */
		7FCDE9701F017A84006AAEDE /* Debug */ = {
			isa = XCBuildConfiguration;
			buildSettings = {
				ALWAYS_SEARCH_USER_PATHS = NO;
				CLANG_ANALYZER_NONNULL = YES;
				CLANG_ANALYZER_NUMBER_OBJECT_CONVERSION = YES_AGGRESSIVE;
				CLANG_CXX_LANGUAGE_STANDARD = "gnu++0x";
				CLANG_CXX_LIBRARY = "libc++";
				CLANG_ENABLE_MODULES = YES;
				CLANG_ENABLE_OBJC_ARC = YES;
				CLANG_WARN_BOOL_CONVERSION = YES;
				CLANG_WARN_CONSTANT_CONVERSION = YES;
				CLANG_WARN_DIRECT_OBJC_ISA_USAGE = YES_ERROR;
				CLANG_WARN_DOCUMENTATION_COMMENTS = YES;
				CLANG_WARN_EMPTY_BODY = YES;
				CLANG_WARN_ENUM_CONVERSION = YES;
				CLANG_WARN_INFINITE_RECURSION = YES;
				CLANG_WARN_INT_CONVERSION = YES;
				CLANG_WARN_OBJC_ROOT_CLASS = YES_ERROR;
				CLANG_WARN_SUSPICIOUS_MOVE = YES;
				CLANG_WARN_UNREACHABLE_CODE = YES;
				CLANG_WARN__DUPLICATE_METHOD_MATCH = YES;
				"CODE_SIGN_IDENTITY[sdk=iphoneos*]" = "iPhone Developer";
				COPY_PHASE_STRIP = NO;
				DEBUG_INFORMATION_FORMAT = dwarf;
				ENABLE_STRICT_OBJC_MSGSEND = YES;
				ENABLE_TESTABILITY = YES;
				GCC_C_LANGUAGE_STANDARD = gnu99;
				GCC_DYNAMIC_NO_PIC = NO;
				GCC_NO_COMMON_BLOCKS = YES;
				GCC_OPTIMIZATION_LEVEL = 0;
				GCC_PREPROCESSOR_DEFINITIONS = (
					"DEBUG=1",
					"$(inherited)",
				);
				GCC_WARN_64_TO_32_BIT_CONVERSION = YES;
				GCC_WARN_ABOUT_RETURN_TYPE = YES_ERROR;
				GCC_WARN_UNDECLARED_SELECTOR = YES;
				GCC_WARN_UNINITIALIZED_AUTOS = YES_AGGRESSIVE;
				GCC_WARN_UNUSED_FUNCTION = YES;
				GCC_WARN_UNUSED_VARIABLE = YES;
				IPHONEOS_DEPLOYMENT_TARGET = 10.3;
				MTL_ENABLE_DEBUG_INFO = YES;
				ONLY_ACTIVE_ARCH = YES;
				SDKROOT = iphoneos;
				SWIFT_ACTIVE_COMPILATION_CONDITIONS = DEBUG;
				SWIFT_OPTIMIZATION_LEVEL = "-Onone";
				TARGETED_DEVICE_FAMILY = "1,2";
			};
			name = Debug;
		};
		7FCDE9711F017A84006AAEDE /* Release */ = {
			isa = XCBuildConfiguration;
			buildSettings = {
				ALWAYS_SEARCH_USER_PATHS = NO;
				CLANG_ANALYZER_NONNULL = YES;
				CLANG_ANALYZER_NUMBER_OBJECT_CONVERSION = YES_AGGRESSIVE;
				CLANG_CXX_LANGUAGE_STANDARD = "gnu++0x";
				CLANG_CXX_LIBRARY = "libc++";
				CLANG_ENABLE_MODULES = YES;
				CLANG_ENABLE_OBJC_ARC = YES;
				CLANG_WARN_BOOL_CONVERSION = YES;
				CLANG_WARN_CONSTANT_CONVERSION = YES;
				CLANG_WARN_DIRECT_OBJC_ISA_USAGE = YES_ERROR;
				CLANG_WARN_DOCUMENTATION_COMMENTS = YES;
				CLANG_WARN_EMPTY_BODY = YES;
				CLANG_WARN_ENUM_CONVERSION = YES;
				CLANG_WARN_INFINITE_RECURSION = YES;
				CLANG_WARN_INT_CONVERSION = YES;
				CLANG_WARN_OBJC_ROOT_CLASS = YES_ERROR;
				CLANG_WARN_SUSPICIOUS_MOVE = YES;
				CLANG_WARN_UNREACHABLE_CODE = YES;
				CLANG_WARN__DUPLICATE_METHOD_MATCH = YES;
				"CODE_SIGN_IDENTITY[sdk=iphoneos*]" = "iPhone Developer";
				COPY_PHASE_STRIP = NO;
				DEBUG_INFORMATION_FORMAT = "dwarf-with-dsym";
				ENABLE_NS_ASSERTIONS = NO;
				ENABLE_STRICT_OBJC_MSGSEND = YES;
				GCC_C_LANGUAGE_STANDARD = gnu99;
				GCC_NO_COMMON_BLOCKS = YES;
				GCC_WARN_64_TO_32_BIT_CONVERSION = YES;
				GCC_WARN_ABOUT_RETURN_TYPE = YES_ERROR;
				GCC_WARN_UNDECLARED_SELECTOR = YES;
				GCC_WARN_UNINITIALIZED_AUTOS = YES_AGGRESSIVE;
				GCC_WARN_UNUSED_FUNCTION = YES;
				GCC_WARN_UNUSED_VARIABLE = YES;
				IPHONEOS_DEPLOYMENT_TARGET = 10.3;
				MTL_ENABLE_DEBUG_INFO = NO;
				SDKROOT = iphoneos;
				SWIFT_OPTIMIZATION_LEVEL = "-Owholemodule";
				TARGETED_DEVICE_FAMILY = "1,2";
				VALIDATE_PRODUCT = YES;
			};
			name = Release;
		};
		7FCDE9731F017A84006AAEDE /* Debug */ = {
			isa = XCBuildConfiguration;
			buildSettings = {
				ASSETCATALOG_COMPILER_APPICON_NAME = AppIcon;
				CLANG_ENABLE_MODULES = YES;
				CLANG_WARN_DOCUMENTATION_COMMENTS = NO;
				DEVELOPMENT_TEAM = 279M6DNERL;
				FRAMEWORK_SEARCH_PATHS = (
					"$(inherited)",
					"$(PROJECT_DIR)/OpenCVSample",
				);
				INFOPLIST_FILE = OpenCVSample/Info.plist;
				IPHONEOS_DEPLOYMENT_TARGET = 10.0;
				LD_RUNPATH_SEARCH_PATHS = "$(inherited) @executable_path/Frameworks";
				OTHER_LDFLAGS = "";
				PRODUCT_BUNDLE_IDENTIFIER = "io.github.tobyliu-sw.OpenCVSample";
				PRODUCT_NAME = "$(TARGET_NAME)";
				SWIFT_OBJC_BRIDGING_HEADER = "OpenCVSample/OpenCVSample-Bridging-Header.h";
				SWIFT_OPTIMIZATION_LEVEL = "-Onone";
				SWIFT_VERSION = 3.0;
			};
			name = Debug;
		};
		7FCDE9741F017A84006AAEDE /* Release */ = {
			isa = XCBuildConfiguration;
			buildSettings = {
				ASSETCATALOG_COMPILER_APPICON_NAME = AppIcon;
				CLANG_ENABLE_MODULES = YES;
				CLANG_WARN_DOCUMENTATION_COMMENTS = NO;
				DEVELOPMENT_TEAM = 279M6DNERL;
				FRAMEWORK_SEARCH_PATHS = (
					"$(inherited)",
					"$(PROJECT_DIR)/OpenCVSample",
				);
				INFOPLIST_FILE = OpenCVSample/Info.plist;
				IPHONEOS_DEPLOYMENT_TARGET = 10.0;
				LD_RUNPATH_SEARCH_PATHS = "$(inherited) @executable_path/Frameworks";
				OTHER_LDFLAGS = "";
				PRODUCT_BUNDLE_IDENTIFIER = "io.github.tobyliu-sw.OpenCVSample";
				PRODUCT_NAME = "$(TARGET_NAME)";
				SWIFT_OBJC_BRIDGING_HEADER = "OpenCVSample/OpenCVSample-Bridging-Header.h";
				SWIFT_VERSION = 3.0;
			};
			name = Release;
		};
/* End XCBuildConfiguration section */

/* Begin XCConfigurationList section */
		7FCDE95B1F017A83006AAEDE /* Build configuration list for PBXProject "OpenCVSample" */ = {
			isa = XCConfigurationList;
			buildConfigurations = (
				7FCDE9701F017A84006AAEDE /* Debug */,
				7FCDE9711F017A84006AAEDE /* Release */,
			);
			defaultConfigurationIsVisible = 0;
			defaultConfigurationName = Release;
		};
		7FCDE9721F017A84006AAEDE /* Build configuration list for PBXNativeTarget "OpenCVSample" */ = {
			isa = XCConfigurationList;
			buildConfigurations = (
				7FCDE9731F017A84006AAEDE /* Debug */,
				7FCDE9741F017A84006AAEDE /* Release */,
			);
			defaultConfigurationIsVisible = 0;
			defaultConfigurationName = Release;
		};
/* End XCConfigurationList section */
	};
	rootObject = 7FCDE9581F017A83006AAEDE /* Project object */;
}
